
Microsoft Visual Studio Solution File, Format Version 12.00
Project("{FAE04EC0-301F-11D3-BF4B-00C04F79EFBC}") = "EarTechnicNoahModule", "EarTechnicNoahModule\EarTechnicNoahModule.csproj", "{73C9CD47-798B-4DF5-BA3E-5F75A8B26479}"
EndProject
Global
	GlobalSection(SolutionConfigurationPlatforms) = preSolution
		Debug|Any CPU = Debug|Any CPU
		Release|Any CPU = Release|Any CPU
	EndGlobalSection
	GlobalSection(ProjectConfigurationPlatforms) = postSolution
		{73C9CD47-798B-4DF5-BA3E-5F75A8B26479}.Debug|Any CPU.ActiveCfg = Debug|Any CPU
		{73C9CD47-798B-4DF5-BA3E-5F75A8B26479}.Debug|Any CPU.Build.0 = Debug|Any CPU
		{73C9CD47-798B-4DF5-BA3E-5F75A8B26479}.Release|Any CPU.ActiveCfg = Release|Any CPU
		{73C9CD47-798B-4DF5-BA3E-5F75A8B26479}.Release|Any CPU.Build.0 = Release|Any CPU
	EndGlobalSection
EndGlobal
